// !$*UTF8*$!
{
	archiveVersion = 1;
	classes = {
	};
	objectVersion = 56;
	objects = {

/* Begin PBXBuildFile section */
		259B1F4D2A25277C00C7C26F /* StreamoApp.swift in Sources */ = {isa = PBXBuildFile; fileRef = 259B1F4C2A25277C00C7C26F /* StreamoApp.swift */; };
		259B1F4F2A25277C00C7C26F /* ContentView.swift in Sources */ = {isa = PBXBuildFile; fileRef = 259B1F4E2A25277C00C7C26F /* ContentView.swift */; };
		259B1F512A25277D00C7C26F /* Assets.xcassets in Resources */ = {isa = PBXBuildFile; fileRef = 259B1F502A25277D00C7C26F /* Assets.xcassets */; };
		259B1F542A25277D00C7C26F /* Preview Assets.xcassets in Resources */ = {isa = PBXBuildFile; fileRef = 259B1F532A25277D00C7C26F /* Preview Assets.xcassets */; };
		259B1F562A25277D00C7C26F /* Persistence.swift in Sources */ = {isa = PBXBuildFile; fileRef = 259B1F552A25277D00C7C26F /* Persistence.swift */; };
		259B1F592A25277D00C7C26F /* Streamo.xcdatamodeld in Sources */ = {isa = PBXBuildFile; fileRef = 259B1F572A25277D00C7C26F /* Streamo.xcdatamodeld */; };
		259B1F642A25277D00C7C26F /* StreamoTests.swift in Sources */ = {isa = PBXBuildFile; fileRef = 259B1F632A25277D00C7C26F /* StreamoTests.swift */; };
		259B1F6E2A25277D00C7C26F /* StreamoUITests.swift in Sources */ = {isa = PBXBuildFile; fileRef = 259B1F6D2A25277D00C7C26F /* StreamoUITests.swift */; };
		259B1F702A25277D00C7C26F /* StreamoUITestsLaunchTests.swift in Sources */ = {isa = PBXBuildFile; fileRef = 259B1F6F2A25277D00C7C26F /* StreamoUITestsLaunchTests.swift */; };
		259B1F7F2A25284D00C7C26F /* ShazamKit.framework in Frameworks */ = {isa = PBXBuildFile; fileRef = 259B1F7D2A25284B00C7C26F /* ShazamKit.framework */; };
		259B1F802A25284D00C7C26F /* ShazamKit.framework in Embed Frameworks */ = {isa = PBXBuildFile; fileRef = 259B1F7D2A25284B00C7C26F /* ShazamKit.framework */; settings = {ATTRIBUTES = (CodeSignOnCopy, RemoveHeadersOnCopy, ); }; };
/* End PBXBuildFile section */

/* Begin PBXContainerItemProxy section */
		259B1F602A25277D00C7C26F /* PBXContainerItemProxy */ = {
			isa = PBXContainerItemProxy;
			containerPortal = 259B1F412A25277C00C7C26F /* Project object */;
			proxyType = 1;
			remoteGlobalIDString = 259B1F482A25277C00C7C26F;
			remoteInfo = Streamo;
		};
		259B1F6A2A25277D00C7C26F /* PBXContainerItemProxy */ = {
			isa = PBXContainerItemProxy;
			containerPortal = 259B1F412A25277C00C7C26F /* Project object */;
			proxyType = 1;
			remoteGlobalIDString = 259B1F482A25277C00C7C26F;
			remoteInfo = Streamo;
		};
/* End PBXContainerItemProxy section */

/* Begin PBXCopyFilesBuildPhase section */
		259B1F812A25284D00C7C26F /* Embed Frameworks */ = {
			isa = PBXCopyFilesBuildPhase;
			buildActionMask = 2147483647;
			dstPath = "";
			dstSubfolderSpec = 10;
			files = (
				259B1F802A25284D00C7C26F /* ShazamKit.framework in Embed Frameworks */,
			);
			name = "Embed Frameworks";
			runOnlyForDeploymentPostprocessing = 0;
		};
/* End PBXCopyFilesBuildPhase section */

/* Begin PBXFileReference section */
		259B1F492A25277C00C7C26F /* Streamo.app */ = {isa = PBXFileReference; explicitFileType = wrapper.application; includeInIndex = 0; path = Streamo.app; sourceTree = BUILT_PRODUCTS_DIR; };
		259B1F4C2A25277C00C7C26F /* StreamoApp.swift */ = {isa = PBXFileReference; lastKnownFileType = sourcecode.swift; path = StreamoApp.swift; sourceTree = "<group>"; };
		259B1F4E2A25277C00C7C26F /* ContentView.swift */ = {isa = PBXFileReference; lastKnownFileType = sourcecode.swift; path = ContentView.swift; sourceTree = "<group>"; };
		259B1F502A25277D00C7C26F /* Assets.xcassets */ = {isa = PBXFileReference; lastKnownFileType = folder.assetcatalog; path = Assets.xcassets; sourceTree = "<group>"; };
		259B1F532A25277D00C7C26F /* Preview Assets.xcassets */ = {isa = PBXFileReference; lastKnownFileType = folder.assetcatalog; path = "Preview Assets.xcassets"; sourceTree = "<group>"; };
		259B1F552A25277D00C7C26F /* Persistence.swift */ = {isa = PBXFileReference; lastKnownFileType = sourcecode.swift; path = Persistence.swift; sourceTree = "<group>"; };
		259B1F582A25277D00C7C26F /* Streamo.xcdatamodel */ = {isa = PBXFileReference; lastKnownFileType = wrapper.xcdatamodel; path = Streamo.xcdatamodel; sourceTree = "<group>"; };
		259B1F5A2A25277D00C7C26F /* Info.plist */ = {isa = PBXFileReference; lastKnownFileType = text.plist.xml; path = Info.plist; sourceTree = "<group>"; };
		259B1F5F2A25277D00C7C26F /* StreamoTests.xctest */ = {isa = PBXFileReference; explicitFileType = wrapper.cfbundle; includeInIndex = 0; path = StreamoTests.xctest; sourceTree = BUILT_PRODUCTS_DIR; };
		259B1F632A25277D00C7C26F /* StreamoTests.swift */ = {isa = PBXFileReference; lastKnownFileType = sourcecode.swift; path = StreamoTests.swift; sourceTree = "<group>"; };
		259B1F692A25277D00C7C26F /* StreamoUITests.xctest */ = {isa = PBXFileReference; explicitFileType = wrapper.cfbundle; includeInIndex = 0; path = StreamoUITests.xctest; sourceTree = BUILT_PRODUCTS_DIR; };
		259B1F6D2A25277D00C7C26F /* StreamoUITests.swift */ = {isa = PBXFileReference; lastKnownFileType = sourcecode.swift; path = StreamoUITests.swift; sourceTree = "<group>"; };
		259B1F6F2A25277D00C7C26F /* StreamoUITestsLaunchTests.swift */ = {isa = PBXFileReference; lastKnownFileType = sourcecode.swift; path = StreamoUITestsLaunchTests.swift; sourceTree = "<group>"; };
		259B1F7D2A25284B00C7C26F /* ShazamKit.framework */ = {isa = PBXFileReference; lastKnownFileType = wrapper.framework; name = ShazamKit.framework; path = System/Library/Frameworks/ShazamKit.framework; sourceTree = SDKROOT; };
/* End PBXFileReference section */

/* Begin PBXFrameworksBuildPhase section */
		259B1F462A25277C00C7C26F /* Frameworks */ = {
			isa = PBXFrameworksBuildPhase;
			buildActionMask = 2147483647;
			files = (
				259B1F7F2A25284D00C7C26F /* ShazamKit.framework in Frameworks */,
			);
			runOnlyForDeploymentPostprocessing = 0;
		};
		259B1F5C2A25277D00C7C26F /* Frameworks */ = {
			isa = PBXFrameworksBuildPhase;
			buildActionMask = 2147483647;
			files = (
			);
			runOnlyForDeploymentPostprocessing = 0;
		};
		259B1F662A25277D00C7C26F /* Frameworks */ = {
			isa = PBXFrameworksBuildPhase;
			buildActionMask = 2147483647;
			files = (
			);
			runOnlyForDeploymentPostprocessing = 0;
		};
/* End PBXFrameworksBuildPhase section */

/* Begin PBXGroup section */
		259B1F402A25277C00C7C26F = {
			isa = PBXGroup;
			children = (
				259B1F4B2A25277C00C7C26F /* Streamo */,
				259B1F622A25277D00C7C26F /* StreamoTests */,
				259B1F6C2A25277D00C7C26F /* StreamoUITests */,
				259B1F4A2A25277C00C7C26F /* Products */,
				259B1F7C2A25284A00C7C26F /* Frameworks */,
			);
			sourceTree = "<group>";
		};
		259B1F4A2A25277C00C7C26F /* Products */ = {
			isa = PBXGroup;
			children = (
				259B1F492A25277C00C7C26F /* Streamo.app */,
				259B1F5F2A25277D00C7C26F /* StreamoTests.xctest */,
				259B1F692A25277D00C7C26F /* StreamoUITests.xctest */,
			);
			name = Products;
			sourceTree = "<group>";
		};
		259B1F4B2A25277C00C7C26F /* Streamo */ = {
			isa = PBXGroup;
			children = (
				259B1F4C2A25277C00C7C26F /* StreamoApp.swift */,
				259B1F4E2A25277C00C7C26F /* ContentView.swift */,
				259B1F502A25277D00C7C26F /* Assets.xcassets */,
				259B1F552A25277D00C7C26F /* Persistence.swift */,
				259B1F5A2A25277D00C7C26F /* Info.plist */,
				259B1F572A25277D00C7C26F /* Streamo.xcdatamodeld */,
				259B1F522A25277D00C7C26F /* Preview Content */,
			);
			path = Streamo;
			sourceTree = "<group>";
		};
		259B1F522A25277D00C7C26F /* Preview Content */ = {
			isa = PBXGroup;
			children = (
				259B1F532A25277D00C7C26F /* Preview Assets.xcassets */,
			);
			path = "Preview Content";
			sourceTree = "<group>";
		};
		259B1F622A25277D00C7C26F /* StreamoTests */ = {
			isa = PBXGroup;
			children = (
				259B1F632A25277D00C7C26F /* StreamoTests.swift */,
			);
			path = StreamoTests;
			sourceTree = "<group>";
		};
		259B1F6C2A25277D00C7C26F /* StreamoUITests */ = {
			isa = PBXGroup;
			children = (
				259B1F6D2A25277D00C7C26F /* StreamoUITests.swift */,
				259B1F6F2A25277D00C7C26F /* StreamoUITestsLaunchTests.swift */,
			);
			path = StreamoUITests;
			sourceTree = "<group>";
		};
		259B1F7C2A25284A00C7C26F /* Frameworks */ = {
			isa = PBXGroup;
			children = (
				259B1F7D2A25284B00C7C26F /* ShazamKit.framework */,
			);
			name = Frameworks;
			sourceTree = "<group>";
		};
/* End PBXGroup section */

/* Begin PBXNativeTarget section */
		259B1F482A25277C00C7C26F /* Streamo */ = {
			isa = PBXNativeTarget;
			buildConfigurationList = 259B1F732A25277D00C7C26F /* Build configuration list for PBXNativeTarget "Streamo" */;
			buildPhases = (
				259B1F452A25277C00C7C26F /* Sources */,
				259B1F462A25277C00C7C26F /* Frameworks */,
				259B1F472A25277C00C7C26F /* Resources */,
				259B1F812A25284D00C7C26F /* Embed Frameworks */,
			);
			buildRules = (
			);
			dependencies = (
			);
			name = Streamo;
			productName = Streamo;
			productReference = 259B1F492A25277C00C7C26F /* Streamo.app */;
			productType = "com.apple.product-type.application";
		};
		259B1F5E2A25277D00C7C26F /* StreamoTests */ = {
			isa = PBXNativeTarget;
			buildConfigurationList = 259B1F762A25277D00C7C26F /* Build configuration list for PBXNativeTarget "StreamoTests" */;
			buildPhases = (
				259B1F5B2A25277D00C7C26F /* Sources */,
				259B1F5C2A25277D00C7C26F /* Frameworks */,
				259B1F5D2A25277D00C7C26F /* Resources */,
			);
			buildRules = (
			);
			dependencies = (
				259B1F612A25277D00C7C26F /* PBXTargetDependency */,
			);
			name = StreamoTests;
			productName = StreamoTests;
			productReference = 259B1F5F2A25277D00C7C26F /* StreamoTests.xctest */;
			productType = "com.apple.product-type.bundle.unit-test";
		};
		259B1F682A25277D00C7C26F /* StreamoUITests */ = {
			isa = PBXNativeTarget;
			buildConfigurationList = 259B1F792A25277D00C7C26F /* Build configuration list for PBXNativeTarget "StreamoUITests" */;
			buildPhases = (
				259B1F652A25277D00C7C26F /* Sources */,
				259B1F662A25277D00C7C26F /* Frameworks */,
				259B1F672A25277D00C7C26F /* Resources */,
			);
			buildRules = (
			);
			dependencies = (
				259B1F6B2A25277D00C7C26F /* PBXTargetDependency */,
			);
			name = StreamoUITests;
			productName = StreamoUITests;
			productReference = 259B1F692A25277D00C7C26F /* StreamoUITests.xctest */;
			productType = "com.apple.product-type.bundle.ui-testing";
		};
/* End PBXNativeTarget section */

/* Begin PBXProject section */
		259B1F412A25277C00C7C26F /* Project object */ = {
			isa = PBXProject;
			attributes = {
				BuildIndependentTargetsInParallel = 1;
				LastSwiftUpdateCheck = 1430;
				LastUpgradeCheck = 1430;
				TargetAttributes = {
					259B1F482A25277C00C7C26F = {
						CreatedOnToolsVersion = 14.3;
					};
					259B1F5E2A25277D00C7C26F = {
						CreatedOnToolsVersion = 14.3;
						TestTargetID = 259B1F482A25277C00C7C26F;
					};
					259B1F682A25277D00C7C26F = {
						CreatedOnToolsVersion = 14.3;
						TestTargetID = 259B1F482A25277C00C7C26F;
					};
				};
			};
			buildConfigurationList = 259B1F442A25277C00C7C26F /* Build configuration list for PBXProject "Streamo" */;
			compatibilityVersion = "Xcode 14.0";
			developmentRegion = en;
			hasScannedForEncodings = 0;
			knownRegions = (
				en,
				Base,
			);
			mainGroup = 259B1F402A25277C00C7C26F;
			productRefGroup = 259B1F4A2A25277C00C7C26F /* Products */;
			projectDirPath = "";
			projectRoot = "";
			targets = (
				259B1F482A25277C00C7C26F /* Streamo */,
				259B1F5E2A25277D00C7C26F /* StreamoTests */,
				259B1F682A25277D00C7C26F /* StreamoUITests */,
			);
		};
/* End PBXProject section */

/* Begin PBXResourcesBuildPhase section */
		259B1F472A25277C00C7C26F /* Resources */ = {
			isa = PBXResourcesBuildPhase;
			buildActionMask = 2147483647;
			files = (
				259B1F542A25277D00C7C26F /* Preview Assets.xcassets in Resources */,
				259B1F512A25277D00C7C26F /* Assets.xcassets in Resources */,
			);
			runOnlyForDeploymentPostprocessing = 0;
		};
		259B1F5D2A25277D00C7C26F /* Resources */ = {
			isa = PBXResourcesBuildPhase;
			buildActionMask = 2147483647;
			files = (
			);
			runOnlyForDeploymentPostprocessing = 0;
		};
		259B1F672A25277D00C7C26F /* Resources */ = {
			isa = PBXResourcesBuildPhase;
			buildActionMask = 2147483647;
			files = (
			);
			runOnlyForDeploymentPostprocessing = 0;
		};
/* End PBXResourcesBuildPhase section */

/* Begin PBXSourcesBuildPhase section */
		259B1F452A25277C00C7C26F /* Sources */ = {
			isa = PBXSourcesBuildPhase;
			buildActionMask = 2147483647;
			files = (
				259B1F562A25277D00C7C26F /* Persistence.swift in Sources */,
				259B1F4F2A25277C00C7C26F /* ContentView.swift in Sources */,
				259B1F4D2A25277C00C7C26F /* StreamoApp.swift in Sources */,
				259B1F592A25277D00C7C26F /* Streamo.xcdatamodeld in Sources */,
			);
			runOnlyForDeploymentPostprocessing = 0;
		};
		259B1F5B2A25277D00C7C26F /* Sources */ = {
			isa = PBXSourcesBuildPhase;
			buildActionMask = 2147483647;
			files = (
				259B1F642A25277D00C7C26F /* StreamoTests.swift in Sources */,
			);
			runOnlyForDeploymentPostprocessing = 0;
		};
		259B1F652A25277D00C7C26F /* Sources */ = {
			isa = PBXSourcesBuildPhase;
			buildActionMask = 2147483647;
			files = (
				259B1F702A25277D00C7C26F /* StreamoUITestsLaunchTests.swift in Sources */,
				259B1F6E2A25277D00C7C26F /* StreamoUITests.swift in Sources */,
			);
			runOnlyForDeploymentPostprocessing = 0;
		};
/* End PBXSourcesBuildPhase section */

/* Begin PBXTargetDependency section */
		259B1F612A25277D00C7C26F /* PBXTargetDependency */ = {
			isa = PBXTargetDependency;
			target = 259B1F482A25277C00C7C26F /* Streamo */;
			targetProxy = 259B1F602A25277D00C7C26F /* PBXContainerItemProxy */;
		};
		259B1F6B2A25277D00C7C26F /* PBXTargetDependency */ = {
			isa = PBXTargetDependency;
			target = 259B1F482A25277C00C7C26F /* Streamo */;
			targetProxy = 259B1F6A2A25277D00C7C26F /* PBXContainerItemProxy */;
		};
/* End PBXTargetDependency section */

/* Begin XCBuildConfiguration section */
		259B1F712A25277D00C7C26F /* Debug */ = {
			isa = XCBuildConfiguration;
			buildSettings = {
				ALWAYS_SEARCH_USER_PATHS = NO;
				CLANG_ANALYZER_NONNULL = YES;
				CLANG_ANALYZER_NUMBER_OBJECT_CONVERSION = YES_AGGRESSIVE;
				CLANG_CXX_LANGUAGE_STANDARD = "gnu++20";
				CLANG_ENABLE_MODULES = YES;
				CLANG_ENABLE_OBJC_ARC = YES;
				CLANG_ENABLE_OBJC_WEAK = YES;
				CLANG_WARN_BLOCK_CAPTURE_AUTORELEASING = YES;
				CLANG_WARN_BOOL_CONVERSION = YES;
				CLANG_WARN_COMMA = YES;
				CLANG_WARN_CONSTANT_CONVERSION = YES;
				CLANG_WARN_DEPRECATED_OBJC_IMPLEMENTATIONS = YES;
				CLANG_WARN_DIRECT_OBJC_ISA_USAGE = YES_ERROR;
				CLANG_WARN_DOCUMENTATION_COMMENTS = YES;
				CLANG_WARN_EMPTY_BODY = YES;
				CLANG_WARN_ENUM_CONVERSION = YES;
				CLANG_WARN_INFINITE_RECURSION = YES;
				CLANG_WARN_INT_CONVERSION = YES;
				CLANG_WARN_NON_LITERAL_NULL_CONVERSION = YES;
				CLANG_WARN_OBJC_IMPLICIT_RETAIN_SELF = YES;
				CLANG_WARN_OBJC_LITERAL_CONVERSION = YES;
				CLANG_WARN_OBJC_ROOT_CLASS = YES_ERROR;
				CLANG_WARN_QUOTED_INCLUDE_IN_FRAMEWORK_HEADER = YES;
				CLANG_WARN_RANGE_LOOP_ANALYSIS = YES;
				CLANG_WARN_STRICT_PROTOTYPES = YES;
				CLANG_WARN_SUSPICIOUS_MOVE = YES;
				CLANG_WARN_UNGUARDED_AVAILABILITY = YES_AGGRESSIVE;
				CLANG_WARN_UNREACHABLE_CODE = YES;
				CLANG_WARN__DUPLICATE_METHOD_MATCH = YES;
				COPY_PHASE_STRIP = NO;
				DEBUG_INFORMATION_FORMAT = dwarf;
				ENABLE_STRICT_OBJC_MSGSEND = YES;
				ENABLE_TESTABILITY = YES;
				GCC_C_LANGUAGE_STANDARD = gnu11;
				GCC_DYNAMIC_NO_PIC = NO;
				GCC_NO_COMMON_BLOCKS = YES;
				GCC_OPTIMIZATION_LEVEL = 0;
				GCC_PREPROCESSOR_DEFINITIONS = (
					"DEBUG=1",
					"$(inherited)",
				);
				GCC_WARN_64_TO_32_BIT_CONVERSION = YES;
				GCC_WARN_ABOUT_RETURN_TYPE = YES_ERROR;
				GCC_WARN_UNDECLARED_SELECTOR = YES;
				GCC_WARN_UNINITIALIZED_AUTOS = YES_AGGRESSIVE;
				GCC_WARN_UNUSED_FUNCTION = YES;
				GCC_WARN_UNUSED_VARIABLE = YES;
				IPHONEOS_DEPLOYMENT_TARGET = 16.4;
				MTL_ENABLE_DEBUG_INFO = INCLUDE_SOURCE;
				MTL_FAST_MATH = YES;
				ONLY_ACTIVE_ARCH = YES;
				SDKROOT = iphoneos;
				SWIFT_ACTIVE_COMPILATION_CONDITIONS = DEBUG;
				SWIFT_OPTIMIZATION_LEVEL = "-Onone";
			};
			name = Debug;
		};
		259B1F722A25277D00C7C26F /* Release */ = {
			isa = XCBuildConfiguration;
			buildSettings = {
				ALWAYS_SEARCH_USER_PATHS = NO;
				CLANG_ANALYZER_NONNULL = YES;
				CLANG_ANALYZER_NUMBER_OBJECT_CONVERSION = YES_AGGRESSIVE;
				CLANG_CXX_LANGUAGE_STANDARD = "gnu++20";
				CLANG_ENABLE_MODULES = YES;
				CLANG_ENABLE_OBJC_ARC = YES;
				CLANG_ENABLE_OBJC_WEAK = YES;
				CLANG_WARN_BLOCK_CAPTURE_AUTORELEASING = YES;
				CLANG_WARN_BOOL_CONVERSION = YES;
				CLANG_WARN_COMMA = YES;
				CLANG_WARN_CONSTANT_CONVERSION = YES;
				CLANG_WARN_DEPRECATED_OBJC_IMPLEMENTATIONS = YES;
				CLANG_WARN_DIRECT_OBJC_ISA_USAGE = YES_ERROR;
				CLANG_WARN_DOCUMENTATION_COMMENTS = YES;
				CLANG_WARN_EMPTY_BODY = YES;
				CLANG_WARN_ENUM_CONVERSION = YES;
				CLANG_WARN_INFINITE_RECURSION = YES;
				CLANG_WARN_INT_CONVERSION = YES;
				CLANG_WARN_NON_LITERAL_NULL_CONVERSION = YES;
				CLANG_WARN_OBJC_IMPLICIT_RETAIN_SELF = YES;
				CLANG_WARN_OBJC_LITERAL_CONVERSION = YES;
				CLANG_WARN_OBJC_ROOT_CLASS = YES_ERROR;
				CLANG_WARN_QUOTED_INCLUDE_IN_FRAMEWORK_HEADER = YES;
				CLANG_WARN_RANGE_LOOP_ANALYSIS = YES;
				CLANG_WARN_STRICT_PROTOTYPES = YES;
				CLANG_WARN_SUSPICIOUS_MOVE = YES;
				CLANG_WARN_UNGUARDED_AVAILABILITY = YES_AGGRESSIVE;
				CLANG_WARN_UNREACHABLE_CODE = YES;
				CLANG_WARN__DUPLICATE_METHOD_MATCH = YES;
				COPY_PHASE_STRIP = NO;
				DEBUG_INFORMATION_FORMAT = "dwarf-with-dsym";
				ENABLE_NS_ASSERTIONS = NO;
				ENABLE_STRICT_OBJC_MSGSEND = YES;
				GCC_C_LANGUAGE_STANDARD = gnu11;
				GCC_NO_COMMON_BLOCKS = YES;
				GCC_WARN_64_TO_32_BIT_CONVERSION = YES;
				GCC_WARN_ABOUT_RETURN_TYPE = YES_ERROR;
				GCC_WARN_UNDECLARED_SELECTOR = YES;
				GCC_WARN_UNINITIALIZED_AUTOS = YES_AGGRESSIVE;
				GCC_WARN_UNUSED_FUNCTION = YES;
				GCC_WARN_UNUSED_VARIABLE = YES;
				IPHONEOS_DEPLOYMENT_TARGET = 16.4;
				MTL_ENABLE_DEBUG_INFO = NO;
				MTL_FAST_MATH = YES;
				SDKROOT = iphoneos;
				SWIFT_COMPILATION_MODE = wholemodule;
				SWIFT_OPTIMIZATION_LEVEL = "-O";
				VALIDATE_PRODUCT = YES;
			};
			name = Release;
		};
		259B1F742A25277D00C7C26F /* Debug */ = {
			isa = XCBuildConfiguration;
			buildSettings = {
				ASSETCATALOG_COMPILER_APPICON_NAME = AppIcon;
				ASSETCATALOG_COMPILER_GLOBAL_ACCENT_COLOR_NAME = AccentColor;
				CODE_SIGN_STYLE = Automatic;
				CURRENT_PROJECT_VERSION = 1;
				DEVELOPMENT_ASSET_PATHS = "\"Streamo/Preview Content\"";
				DEVELOPMENT_TEAM = ZQN4Q66WCZ;
				ENABLE_PREVIEWS = YES;
				GENERATE_INFOPLIST_FILE = YES;
				INFOPLIST_KEY_UIApplicationSceneManifest_Generation = YES;
				INFOPLIST_KEY_UIApplicationSupportsIndirectInputEvents = YES;
				INFOPLIST_KEY_UILaunchScreen_Generation = YES;
				INFOPLIST_KEY_UISupportedInterfaceOrientations_iPad = "UIInterfaceOrientationPortrait UIInterfaceOrientationPortraitUpsideDown UIInterfaceOrientationLandscapeLeft UIInterfaceOrientationLandscapeRight";
				INFOPLIST_KEY_UISupportedInterfaceOrientations_iPhone = "UIInterfaceOrientationPortrait UIInterfaceOrientationLandscapeLeft UIInterfaceOrientationLandscapeRight";
				LD_RUNPATH_SEARCH_PATHS = (
					"$(inherited)",
					"@executable_path/Frameworks",
				);
				MARKETING_VERSION = 1.0;
				PRODUCT_BUNDLE_IDENTIFIER = s.Streamo;
				PRODUCT_NAME = "$(TARGET_NAME)";
				SWIFT_EMIT_LOC_STRINGS = YES;
				SWIFT_VERSION = 5.0;
				TARGETED_DEVICE_FAMILY = "1,2";
			};
			name = Debug;
		};
		259B1F752A25277D00C7C26F /* Release */ = {
			isa = XCBuildConfiguration;
			buildSettings = {
				ASSETCATALOG_COMPILER_APPICON_NAME = AppIcon;
				ASSETCATALOG_COMPILER_GLOBAL_ACCENT_COLOR_NAME = AccentColor;
				CODE_SIGN_STYLE = Automatic;
				CURRENT_PROJECT_VERSION = 1;
				DEVELOPMENT_ASSET_PATHS = "\"Streamo/Preview Content\"";
				DEVELOPMENT_TEAM = ZQN4Q66WCZ;
				ENABLE_PREVIEWS = YES;
				GENERATE_INFOPLIST_FILE = YES;
				INFOPLIST_KEY_UIApplicationSceneManifest_Generation = YES;
				INFOPLIST_KEY_UIApplicationSupportsIndirectInputEvents = YES;
				INFOPLIST_KEY_UILaunchScreen_Generation = YES;
				INFOPLIST_KEY_UISupportedInterfaceOrientations_iPad = "UIInterfaceOrientationPortrait UIInterfaceOrientationPortraitUpsideDown UIInterfaceOrientationLandscapeLeft UIInterfaceOrientationLandscapeRight";
				INFOPLIST_KEY_UISupportedInterfaceOrientations_iPhone = "UIInterfaceOrientationPortrait UIInterfaceOrientationLandscapeLeft UIInterfaceOrientationLandscapeRight";
				LD_RUNPATH_SEARCH_PATHS = (
					"$(inherited)",
					"@executable_path/Frameworks",
				);
				MARKETING_VERSION = 1.0;
				PRODUCT_BUNDLE_IDENTIFIER = s.Streamo;
				PRODUCT_NAME = "$(TARGET_NAME)";
				SWIFT_EMIT_LOC_STRINGS = YES;
				SWIFT_VERSION = 5.0;
				TARGETED_DEVICE_FAMILY = "1,2";
			};
			name = Release;
		};
		259B1F772A25277D00C7C26F /* Debug */ = {
			isa = XCBuildConfiguration;
			buildSettings = {
				ALWAYS_EMBED_SWIFT_STANDARD_LIBRARIES = YES;
				BUNDLE_LOADER = "$(TEST_HOST)";
				CODE_SIGN_STYLE = Automatic;
				CURRENT_PROJECT_VERSION = 1;
				DEVELOPMENT_TEAM = ZQN4Q66WCZ;
				GENERATE_INFOPLIST_FILE = YES;
				IPHONEOS_DEPLOYMENT_TARGET = 16.4;
				MARKETING_VERSION = 1.0;
				PRODUCT_BUNDLE_IDENTIFIER = s.StreamoTests;
				PRODUCT_NAME = "$(TARGET_NAME)";
				SWIFT_EMIT_LOC_STRINGS = NO;
				SWIFT_VERSION = 5.0;
				TARGETED_DEVICE_FAMILY = "1,2";
				TEST_HOST = "$(BUILT_PRODUCTS_DIR)/Streamo.app/$(BUNDLE_EXECUTABLE_FOLDER_PATH)/Streamo";
			};
			name = Debug;
		};
		259B1F782A25277D00C7C26F /* Release */ = {
			isa = XCBuildConfiguration;
			buildSettings = {
				ALWAYS_EMBED_SWIFT_STANDARD_LIBRARIES = YES;
				BUNDLE_LOADER = "$(TEST_HOST)";
				CODE_SIGN_STYLE = Automatic;
				CURRENT_PROJECT_VERSION = 1;
				DEVELOPMENT_TEAM = ZQN4Q66WCZ;
				GENERATE_INFOPLIST_FILE = YES;
				IPHONEOS_DEPLOYMENT_TARGET = 16.4;
				MARKETING_VERSION = 1.0;
				PRODUCT_BUNDLE_IDENTIFIER = s.StreamoTests;
				PRODUCT_NAME = "$(TARGET_NAME)";
				SWIFT_EMIT_LOC_STRINGS = NO;
				SWIFT_VERSION = 5.0;
				TARGETED_DEVICE_FAMILY = "1,2";
				TEST_HOST = "$(BUILT_PRODUCTS_DIR)/Streamo.app/$(BUNDLE_EXECUTABLE_FOLDER_PATH)/Streamo";
			};
			name = Release;
		};
		259B1F7A2A25277D00C7C26F /* Debug */ = {
			isa = XCBuildConfiguration;
			buildSettings = {
				ALWAYS_EMBED_SWIFT_STANDARD_LIBRARIES = YES;
				CODE_SIGN_STYLE = Automatic;
				CURRENT_PROJECT_VERSION = 1;
				DEVELOPMENT_TEAM = ZQN4Q66WCZ;
				GENERATE_INFOPLIST_FILE = YES;
				MARKETING_VERSION = 1.0;
				PRODUCT_BUNDLE_IDENTIFIER = s.StreamoUITests;
				PRODUCT_NAME = "$(TARGET_NAME)";
				SWIFT_EMIT_LOC_STRINGS = NO;
				SWIFT_VERSION = 5.0;
				TARGETED_DEVICE_FAMILY = "1,2";
				TEST_TARGET_NAME = Streamo;
			};
			name = Debug;
		};
		259B1F7B2A25277D00C7C26F /* Release */ = {
			isa = XCBuildConfiguration;
			buildSettings = {
				ALWAYS_EMBED_SWIFT_STANDARD_LIBRARIES = YES;
				CODE_SIGN_STYLE = Automatic;
				CURRENT_PROJECT_VERSION = 1;
				DEVELOPMENT_TEAM = ZQN4Q66WCZ;
				GENERATE_INFOPLIST_FILE = YES;
				MARKETING_VERSION = 1.0;
				PRODUCT_BUNDLE_IDENTIFIER = s.StreamoUITests;
				PRODUCT_NAME = "$(TARGET_NAME)";
				SWIFT_EMIT_LOC_STRINGS = NO;
				SWIFT_VERSION = 5.0;
				TARGETED_DEVICE_FAMILY = "1,2";
				TEST_TARGET_NAME = Streamo;
			};
			name = Release;
		};
/* End XCBuildConfiguration section */

/* Begin XCConfigurationList section */
		259B1F442A25277C00C7C26F /* Build configuration list for PBXProject "Streamo" */ = {
			isa = XCConfigurationList;
			buildConfigurations = (
				259B1F712A25277D00C7C26F /* Debug */,
				259B1F722A25277D00C7C26F /* Release */,
			);
			defaultConfigurationIsVisible = 0;
			defaultConfigurationName = Release;
		};
		259B1F732A25277D00C7C26F /* Build configuration list for PBXNativeTarget "Streamo" */ = {
			isa = XCConfigurationList;
			buildConfigurations = (
				259B1F742A25277D00C7C26F /* Debug */,
				259B1F752A25277D00C7C26F /* Release */,
			);
			defaultConfigurationIsVisible = 0;
			defaultConfigurationName = Release;
		};
		259B1F762A25277D00C7C26F /* Build configuration list for PBXNativeTarget "StreamoTests" */ = {
			isa = XCConfigurationList;
			buildConfigurations = (
				259B1F772A25277D00C7C26F /* Debug */,
				259B1F782A25277D00C7C26F /* Release */,
			);
			defaultConfigurationIsVisible = 0;
			defaultConfigurationName = Release;
		};
		259B1F792A25277D00C7C26F /* Build configuration list for PBXNativeTarget "StreamoUITests" */ = {
			isa = XCConfigurationList;
			buildConfigurations = (
				259B1F7A2A25277D00C7C26F /* Debug */,
				259B1F7B2A25277D00C7C26F /* Release */,
			);
			defaultConfigurationIsVisible = 0;
			defaultConfigurationName = Release;
		};
/* End XCConfigurationList section */

/* Begin XCVersionGroup section */
		259B1F572A25277D00C7C26F /* Streamo.xcdatamodeld */ = {
			isa = XCVersionGroup;
			children = (
				259B1F582A25277D00C7C26F /* Streamo.xcdatamodel */,
			);
			currentVersion = 259B1F582A25277D00C7C26F /* Streamo.xcdatamodel */;
			path = Streamo.xcdatamodeld;
			sourceTree = "<group>";
			versionGroupType = wrapper.xcdatamodel;
		};
/* End XCVersionGroup section */
	};
	rootObject = 259B1F412A25277C00C7C26F /* Project object */;
}
